// !$*UTF8*$!
{
 archiveVersion = 1;
 classes = {};
 objectVersion = 56;
 objects = {
  EE1000000000000000000009 /* MegaXOApplication.swift in Sources */ = {isa = PBXBuildFile; fileRef = EE1000000000000000000007 /* MegaXOApplication.swift */; };
  EE1000000000000000000020 /* MegaNativeSecretVault.swift in Sources */ = {isa = PBXBuildFile; fileRef = EE1000000000000000000019 /* MegaNativeSecretVault.swift */; };
  EE1000000000000000000022 /* MegaAppleIdentity.swift in Sources */ = {isa = PBXBuildFile; fileRef = EE1000000000000000000021 /* MegaAppleIdentity.swift */; };
  EE1000000000000000000006 /* MegaXO.app */ = {isa = PBXFileReference; explicitFileType = wrapper.application; includeInIndex = 0; path = MegaXO.app; sourceTree = BUILT_PRODUCTS_DIR; };
  EE1000000000000000000007 /* MegaXOApplication.swift */ = {isa = PBXFileReference; lastKnownFileType = sourcecode.swift; path = MegaXOApplication.swift; sourceTree = "<group>"; };
  EE1000000000000000000019 /* MegaNativeSecretVault.swift */ = {isa = PBXFileReference; lastKnownFileType = sourcecode.swift; path = MegaNativeSecretVault.swift; sourceTree = "<group>"; };
  EE1000000000000000000021 /* MegaAppleIdentity.swift */ = {isa = PBXFileReference; lastKnownFileType = sourcecode.swift; path = ../MegaAppleIdentity.swift; sourceTree = "<group>"; };
  EE1000000000000000000008 /* Info.plist */ = {isa = PBXFileReference; lastKnownFileType = text.plist.xml; path = Info.plist; sourceTree = "<group>"; };
  EE1000000000000000000003 = {isa = PBXGroup; children = (EE1000000000000000000004, EE1000000000000000000005); sourceTree = "<group>"; };
  EE1000000000000000000004 /* MegaXO */ = {isa = PBXGroup; children = (EE1000000000000000000007, EE1000000000000000000019, EE1000000000000000000021, EE1000000000000000000008); path = MegaXO; sourceTree = "<group>"; };
  EE1000000000000000000005 /* Products */ = {isa = PBXGroup; children = (EE1000000000000000000006); name = Products; sourceTree = "<group>"; };
  EE1000000000000000000002 /* MegaXO */ = {
   isa = PBXNativeTarget;
   buildConfigurationList = EE1000000000000000000014;
   buildPhases = (EE1000000000000000000010, EE1000000000000000000011, EE1000000000000000000012);
   buildRules = ();
   dependencies = ();
   name = MegaXO;
   productName = MegaXO;
   productReference = EE1000000000000000000006;
   productType = "com.apple.product-type.application";
  };
  EE1000000000000000000001 /* Project object */ = {
   isa = PBXProject;
   attributes = { LastUpgradeCheck = 1600; TargetAttributes = { EE1000000000000000000002 = { CreatedOnToolsVersion = 16.0; }; }; };
   buildConfigurationList = EE1000000000000000000013;
   compatibilityVersion = "Xcode 14.0";
   developmentRegion = en;
   hasScannedForEncodings = 0;
   knownRegions = (en, Base);
   mainGroup = EE1000000000000000000003;
   productRefGroup = EE1000000000000000000005;
   projectDirPath = "";
   projectRoot = "";
   targets = (EE1000000000000000000002);
  };
  EE1000000000000000000010 /* Sources */ = {isa = PBXSourcesBuildPhase; buildActionMask = 2147483647; files = (EE1000000000000000000009, EE1000000000000000000020, EE1000000000000000000022); runOnlyForDeploymentPostprocessing = 0; };
  EE1000000000000000000011 /* Resources */ = {isa = PBXResourcesBuildPhase; buildActionMask = 2147483647; files = (); runOnlyForDeploymentPostprocessing = 0; };
  EE1000000000000000000012 /* Bundle approved client */ = {
   isa = PBXShellScriptBuildPhase;
   alwaysOutOfDate = 1;
   buildActionMask = 2147483647;
   files = ();
   inputPaths = ();
   name = "Bundle approved Mega XO client";
   outputPaths = ();
   runOnlyForDeploymentPostprocessing = 0;
   shellPath = /bin/sh;
   shellScript = "set -eu\nROOT=\"$SRCROOT/../..\"\nnode \"$ROOT/scripts/v5/build-client.js\" --root \"$ROOT\" --output \"$BUILT_PRODUCTS_DIR/$UNLOCALIZED_RESOURCES_FOLDER_PATH/MegaClient\"\n";
  };
  EE1000000000000000000013 = {isa = XCConfigurationList; buildConfigurations = (EE1000000000000000000015,EE1000000000000000000016); defaultConfigurationIsVisible = 0; defaultConfigurationName = Release; };
  EE1000000000000000000014 = {isa = XCConfigurationList; buildConfigurations = (EE1000000000000000000017,EE1000000000000000000018); defaultConfigurationIsVisible = 0; defaultConfigurationName = Release; };
  EE1000000000000000000015 /* Debug */ = {isa = XCBuildConfiguration; buildSettings = { ALWAYS_SEARCH_USER_PATHS = NO; CLANG_ENABLE_MODULES = YES; CLANG_ENABLE_OBJC_ARC = YES; COPY_PHASE_STRIP = NO; IPHONEOS_DEPLOYMENT_TARGET = 16.0; SDKROOT = iphoneos; SWIFT_VERSION = 5.0; TARGETED_DEVICE_FAMILY = "1,2"; DEBUG_INFORMATION_FORMAT = dwarf; GCC_OPTIMIZATION_LEVEL = 0; ONLY_ACTIVE_ARCH = YES; }; name = Debug; };
  EE1000000000000000000016 /* Release */ = {isa = XCBuildConfiguration; buildSettings = { ALWAYS_SEARCH_USER_PATHS = NO; CLANG_ENABLE_MODULES = YES; CLANG_ENABLE_OBJC_ARC = YES; COPY_PHASE_STRIP = NO; IPHONEOS_DEPLOYMENT_TARGET = 16.0; SDKROOT = iphoneos; SWIFT_VERSION = 5.0; TARGETED_DEVICE_FAMILY = "1,2"; DEBUG_INFORMATION_FORMAT = "dwarf-with-dsym"; ONLY_ACTIVE_ARCH = NO; }; name = Release; };
  EE1000000000000000000017 /* Debug */ = {isa = XCBuildConfiguration; buildSettings = { ASSETCATALOG_COMPILER_GENERATE_SWIFT_ASSET_SYMBOL_EXTENSIONS = NO; CODE_SIGNING_ALLOWED = NO; CURRENT_PROJECT_VERSION = 1; ENABLE_USER_SCRIPT_SANDBOXING = NO; GENERATE_INFOPLIST_FILE = NO; INFOPLIST_FILE = MegaXO/Info.plist; IPHONEOS_DEPLOYMENT_TARGET = 16.0; MARKETING_VERSION = "0.1.0"; PRODUCT_BUNDLE_IDENTIFIER = online.megaxo.prototype; PRODUCT_NAME = "$(TARGET_NAME)"; SWIFT_EMIT_LOC_STRINGS = YES; SWIFT_VERSION = 5.0; TARGETED_DEVICE_FAMILY = "1,2"; SWIFT_OPTIMIZATION_LEVEL = "-Onone"; }; name = Debug; };
  EE1000000000000000000018 /* Release */ = {isa = XCBuildConfiguration; buildSettings = { ASSETCATALOG_COMPILER_GENERATE_SWIFT_ASSET_SYMBOL_EXTENSIONS = NO; CODE_SIGNING_ALLOWED = NO; CURRENT_PROJECT_VERSION = 1; ENABLE_USER_SCRIPT_SANDBOXING = NO; GENERATE_INFOPLIST_FILE = NO; INFOPLIST_FILE = MegaXO/Info.plist; IPHONEOS_DEPLOYMENT_TARGET = 16.0; MARKETING_VERSION = "0.1.0"; PRODUCT_BUNDLE_IDENTIFIER = online.megaxo.prototype; PRODUCT_NAME = "$(TARGET_NAME)"; SWIFT_EMIT_LOC_STRINGS = YES; SWIFT_VERSION = 5.0; TARGETED_DEVICE_FAMILY = "1,2"; SWIFT_OPTIMIZATION_LEVEL = "-O"; }; name = Release; };
 };
 rootObject = EE1000000000000000000001;
}
